{
  "name": "Untitled",
  "version": "1.0.0",
  "lockfileVersion": 2,
  "requires": true,
  "packages": {
    "": {
      "name": "Untitled",
      "version": "1.0.0",
      "dependencies": {
        "@rails/activestorage": "^7.0.4-2",
        "@rails/ujs": "^7.0.4-2",
        "channels": "^0.0.4",
        "lib": "^4.3.3",
        "trix": "^2.0.4",
        "turbolinks": "^5.2.0"
      }
    },
    "node_modules/@rails/activestorage": {
      "version": "7.0.4-2",
      "resolved": "https://registry.npmjs.org/@rails/activestorage/-/activestorage-7.0.4-2.tgz",
      "integrity": "sha512-TVNuL13CmXlUb41+fgRzTmOp9Xf3LQtw1A3ntrOtQvDPipy4NOkZ9Emyr2m9Gq/5gPfWon6x8GWXBsMQw8a5mg==",
      "dependencies": {
        "spark-md5": "^3.0.1"
      }
    },
    "node_modules/@rails/ujs": {
      "version": "7.0.4-2",
      "resolved": "https://registry.npmjs.org/@rails/ujs/-/ujs-7.0.4-2.tgz",
      "integrity": "sha512-ec6e2+YSfg4DgrVzIYzpo7ayze6dOu+lZ6RsIR+COkuZCp2QGMEyHZQzNdHt065FjCtpv6wRZQIybAtWrzPqlQ=="
    },
    "node_modules/channels": {
      "version": "0.0.4",
      "resolved": "https://registry.npmjs.org/channels/-/channels-0.0.4.tgz",
      "integrity": "sha512-4zRxUJ/sN+GmA0NeB1wIBA8xzU6C30FsGkSIWob7OLIQVwMKE/ct9n3RLfq8XiLUpafK5gWg7+HuUVzXMXYqVw=="
    },
    "node_modules/lib": {
      "version": "4.3.3",
      "resolved": "https://registry.npmjs.org/lib/-/lib-4.3.3.tgz",
      "integrity": "sha512-5ZIjwJvbfVJjbu0BTpfkqJrQ2ykXzo+XRFkHkTPHGpAPNS9vWwhLn1caQsedTKXmQ2U9gKYFSAlfjAXdXuWBjA==",
      "engines": {
        "node": ">=4.0.0"
      }
    },
    "node_modules/spark-md5": {
      "version": "3.0.2",
      "resolved": "https://registry.npmjs.org/spark-md5/-/spark-md5-3.0.2.tgz",
      "integrity": "sha512-wcFzz9cDfbuqe0FZzfi2or1sgyIrsDwmPwfZC4hiNidPdPINjeUwNfv5kldczoEAcjl9Y1L3SM7Uz2PUEQzxQw=="
    },
    "node_modules/trix": {
      "version": "2.0.4",
      "resolved": "https://registry.npmjs.org/trix/-/trix-2.0.4.tgz",
      "integrity": "sha512-WOMKqwCVti0i3RVaDrMnrEZWs6XMpFoCfUvFCZNd15KndAy6MsYQscizxEpFiCLUlo+rXMkueK0ldRDo5xpVJA=="
    },
    "node_modules/turbolinks": {
      "version": "5.2.0",
      "resolved": "https://registry.npmjs.org/turbolinks/-/turbolinks-5.2.0.tgz",
      "integrity": "sha512-pMiez3tyBo6uRHFNNZoYMmrES/IaGgMhQQM+VFF36keryjb5ms0XkVpmKHkfW/4Vy96qiGW3K9bz0tF5sK9bBw=="
    }
  },
  "dependencies": {
    "@rails/activestorage": {
      "version": "7.0.4-2",
      "resolved": "https://registry.npmjs.org/@rails/activestorage/-/activestorage-7.0.4-2.tgz",
      "integrity": "sha512-TVNuL13CmXlUb41+fgRzTmOp9Xf3LQtw1A3ntrOtQvDPipy4NOkZ9Emyr2m9Gq/5gPfWon6x8GWXBsMQw8a5mg==",
      "requires": {
        "spark-md5": "^3.0.1"
      }
    },
    "@rails/ujs": {
      "version": "7.0.4-2",
      "resolved": "https://registry.npmjs.org/@rails/ujs/-/ujs-7.0.4-2.tgz",
      "integrity": "sha512-ec6e2+YSfg4DgrVzIYzpo7ayze6dOu+lZ6RsIR+COkuZCp2QGMEyHZQzNdHt065FjCtpv6wRZQIybAtWrzPqlQ=="
    },
    "channels": {
      "version": "0.0.4",
      "resolved": "https://registry.npmjs.org/channels/-/channels-0.0.4.tgz",
      "integrity": "sha512-4zRxUJ/sN+GmA0NeB1wIBA8xzU6C30FsGkSIWob7OLIQVwMKE/ct9n3RLfq8XiLUpafK5gWg7+HuUVzXMXYqVw=="
    },
    "lib": {
      "version": "4.3.3",
      "resolved": "https://registry.npmjs.org/lib/-/lib-4.3.3.tgz",
      "integrity": "sha512-5ZIjwJvbfVJjbu0BTpfkqJrQ2ykXzo+XRFkHkTPHGpAPNS9vWwhLn1caQsedTKXmQ2U9gKYFSAlfjAXdXuWBjA=="
    },
    "spark-md5": {
      "version": "3.0.2",
      "resolved": "https://registry.npmjs.org/spark-md5/-/spark-md5-3.0.2.tgz",
      "integrity": "sha512-wcFzz9cDfbuqe0FZzfi2or1sgyIrsDwmPwfZC4hiNidPdPINjeUwNfv5kldczoEAcjl9Y1L3SM7Uz2PUEQzxQw=="
    },
    "trix": {
      "version": "2.0.4",
      "resolved": "https://registry.npmjs.org/trix/-/trix-2.0.4.tgz",
      "integrity": "sha512-WOMKqwCVti0i3RVaDrMnrEZWs6XMpFoCfUvFCZNd15KndAy6MsYQscizxEpFiCLUlo+rXMkueK0ldRDo5xpVJA=="
    },
    "turbolinks": {
      "version": "5.2.0",
      "resolved": "https://registry.npmjs.org/turbolinks/-/turbolinks-5.2.0.tgz",
      "integrity": "sha512-pMiez3tyBo6uRHFNNZoYMmrES/IaGgMhQQM+VFF36keryjb5ms0XkVpmKHkfW/4Vy96qiGW3K9bz0tF5sK9bBw=="
    }
  }
}
